
Microsoft Visual Studio Solution File, Format Version 12.00
# Visual Studio 15
VisualStudioVersion = 15.0.28010.2048
MinimumVisualStudioVersion = 10.0.40219.1
Project("{2150E333-8FDC-42A3-9474-1A3956D46DE8}") = "0 - Presentation", "0 - Presentation", "{B5A5DA94-192D-4B70-9BF8-BA7B598FE4CF}"
EndProject
Project("{2150E333-8FDC-42A3-9474-1A3956D46DE8}") = "1 - Services", "1 - Services", "{1418A685-9E3F-4331-B939-02B6042CA012}"
EndProject
Project("{2150E333-8FDC-42A3-9474-1A3956D46DE8}") = "2 - Application", "2 - Application", "{234AB0E5-6C47-476F-BAEA-1AFEF17849AA}"
EndProject
Project("{2150E333-8FDC-42A3-9474-1A3956D46DE8}") = "3 - Domain", "3 - Domain", "{0EB64291-81CC-44A7-83B9-6CDA3AB6468F}"
EndProject
Project("{2150E333-8FDC-42A3-9474-1A3956D46DE8}") = "4 - Infra", "4 - Infra", "{7AFD79E1-F2BD-4EAA-A014-D318D222669A}"
EndProject
Project("{2150E333-8FDC-42A3-9474-1A3956D46DE8}") = "4.1 - Data", "4.1 - Data", "{E61C6BA3-052D-4789-A0DC-B3A696AE7AB4}"
EndProject
Project("{2150E333-8FDC-42A3-9474-1A3956D46DE8}") = "4.1 - CrossCutting", "4.1 - CrossCutting", "{89E7CC65-E1E8-4241-BB91-4ECF6BCC59DC}"
EndProject
Project("{FAE04EC0-301F-11D3-BF4B-00C04F79EFBC}") = "Api", "Api\Api.csproj", "{2C58ADB0-B745-4F9C-89F1-EAB60BA498F6}"
EndProject
Project("{FAE04EC0-301F-11D3-BF4B-00C04F79EFBC}") = "Domain", "Domain\Domain.csproj", "{D420C8FA-93E6-473E-AF2F-1075639AAFD9}"
EndProject
Project("{FAE04EC0-301F-11D3-BF4B-00C04F79EFBC}") = "Infra.Data", "Infra.Data\Infra.Data.csproj", "{0862470D-CB6C-4A60-82AE-CF5C219CDDE9}"
EndProject
Project("{FAE04EC0-301F-11D3-BF4B-00C04F79EFBC}") = "Application", "Application\Application.csproj", "{328D672A-B03B-403E-AA37-D6FEFFA89E49}"
EndProject
Global
	GlobalSection(SolutionConfigurationPlatforms) = preSolution
		Debug|Any CPU = Debug|Any CPU
		Release|Any CPU = Release|Any CPU
	EndGlobalSection
	GlobalSection(ProjectConfigurationPlatforms) = postSolution
		{2C58ADB0-B745-4F9C-89F1-EAB60BA498F6}.Debug|Any CPU.ActiveCfg = Debug|Any CPU
		{2C58ADB0-B745-4F9C-89F1-EAB60BA498F6}.Debug|Any CPU.Build.0 = Debug|Any CPU
		{2C58ADB0-B745-4F9C-89F1-EAB60BA498F6}.Release|Any CPU.ActiveCfg = Release|Any CPU
		{2C58ADB0-B745-4F9C-89F1-EAB60BA498F6}.Release|Any CPU.Build.0 = Release|Any CPU
		{D420C8FA-93E6-473E-AF2F-1075639AAFD9}.Debug|Any CPU.ActiveCfg = Debug|Any CPU
		{D420C8FA-93E6-473E-AF2F-1075639AAFD9}.Debug|Any CPU.Build.0 = Debug|Any CPU
		{D420C8FA-93E6-473E-AF2F-1075639AAFD9}.Release|Any CPU.ActiveCfg = Release|Any CPU
		{D420C8FA-93E6-473E-AF2F-1075639AAFD9}.Release|Any CPU.Build.0 = Release|Any CPU
		{0862470D-CB6C-4A60-82AE-CF5C219CDDE9}.Debug|Any CPU.ActiveCfg = Debug|Any CPU
		{0862470D-CB6C-4A60-82AE-CF5C219CDDE9}.Debug|Any CPU.Build.0 = Debug|Any CPU
		{0862470D-CB6C-4A60-82AE-CF5C219CDDE9}.Release|Any CPU.ActiveCfg = Release|Any CPU
		{0862470D-CB6C-4A60-82AE-CF5C219CDDE9}.Release|Any CPU.Build.0 = Release|Any CPU
		{328D672A-B03B-403E-AA37-D6FEFFA89E49}.Debug|Any CPU.ActiveCfg = Debug|Any CPU
		{328D672A-B03B-403E-AA37-D6FEFFA89E49}.Debug|Any CPU.Build.0 = Debug|Any CPU
		{328D672A-B03B-403E-AA37-D6FEFFA89E49}.Release|Any CPU.ActiveCfg = Release|Any CPU
		{328D672A-B03B-403E-AA37-D6FEFFA89E49}.Release|Any CPU.Build.0 = Release|Any CPU
	EndGlobalSection
	GlobalSection(SolutionProperties) = preSolution
		HideSolutionNode = FALSE
	EndGlobalSection
	GlobalSection(NestedProjects) = preSolution
		{E61C6BA3-052D-4789-A0DC-B3A696AE7AB4} = {7AFD79E1-F2BD-4EAA-A014-D318D222669A}
		{89E7CC65-E1E8-4241-BB91-4ECF6BCC59DC} = {7AFD79E1-F2BD-4EAA-A014-D318D222669A}
		{2C58ADB0-B745-4F9C-89F1-EAB60BA498F6} = {B5A5DA94-192D-4B70-9BF8-BA7B598FE4CF}
		{D420C8FA-93E6-473E-AF2F-1075639AAFD9} = {0EB64291-81CC-44A7-83B9-6CDA3AB6468F}
		{0862470D-CB6C-4A60-82AE-CF5C219CDDE9} = {E61C6BA3-052D-4789-A0DC-B3A696AE7AB4}
		{328D672A-B03B-403E-AA37-D6FEFFA89E49} = {234AB0E5-6C47-476F-BAEA-1AFEF17849AA}
	EndGlobalSection
	GlobalSection(ExtensibilityGlobals) = postSolution
		SolutionGuid = {73763884-AE27-41AC-A86A-6145334B9280}
	EndGlobalSection
EndGlobal
